#MicroXplorer Configuration settings - do not modify
File.Version=5
KeepUserPlacement=false
Mcu.Family=STM32F1
Mcu.IP0=NVIC
Mcu.IP1=RCC
Mcu.IP2=SYS
Mcu.IP3=USART3
Mcu.IP4=USB_DEVICE
Mcu.IP5=USB_OTG_FS
Mcu.IPNb=6
Mcu.Name=STM32F107R(B-C)Tx
Mcu.Package=LQFP64
Mcu.Pin0=PD0-OSC_IN
Mcu.Pin1=PD1-OSC_OUT
Mcu.Pin10=PC12
Mcu.Pin11=PD2
Mcu.Pin12=VP_USB_DEVICE_VS_USB_DEVICE_CDC_FS
Mcu.Pin2=PB15
Mcu.Pin3=PA9
Mcu.Pin4=PA11
Mcu.Pin5=PA12
Mcu.Pin6=PA13
Mcu.Pin7=PA14
Mcu.Pin8=PC10
Mcu.Pin9=PC11
Mcu.PinsNb=13
Mcu.UserName=STM32F107RCTx
MxCube.Version=4.8.0
MxDb.Version=DB.4.0.80
NVIC.BusFault_IRQn=true\:0\:0\:false
NVIC.MemoryManagement_IRQn=true\:0\:0\:false
NVIC.OTG_FS_IRQn=true\:0\:0\:false
NVIC.PriorityGroup=NVIC_PRIORITYGROUP_4
NVIC.SysTick_IRQn=true\:0\:0\:false
NVIC.UsageFault_IRQn=true\:0\:0\:false
PA11.Mode=Device_Only
PA11.Signal=USB_OTG_FS_DM
PA12.Mode=Device_Only
PA12.Signal=USB_OTG_FS_DP
PA13.Mode=Serial_Wire
PA13.Signal=SYS_JTMS-SWDIO
PA14.Mode=Serial_Wire
PA14.Signal=SYS_JTCK-SWCLK
PA9.Mode=Activate_VBUS
PA9.Signal=USB_OTG_FS_VBUS
PB15.GPIOParameters=GPIO_Speed,GPIO_Label,GPIO_ModeDefaultOutputPP
PB15.GPIO_Label=LED
PB15.GPIO_ModeDefaultOutputPP=GPIO_MODE_OUTPUT_PP
PB15.GPIO_Speed=GPIO_SPEED_LOW
PB15.Locked=true
PB15.Signal=GPIO_Output
PC10.Locked=true
PC10.Mode=Asynchronous
PC10.Signal=USART3_TX
PC11.Locked=true
PC11.Mode=Asynchronous
PC11.Signal=USART3_RX
PC12.GPIOParameters=GPIO_Speed,GPIO_Label,GPIO_ModeDefaultOutputPP
PC12.GPIO_Label=WIFI_RES
PC12.GPIO_ModeDefaultOutputPP=GPIO_MODE_OUTPUT_PP
PC12.GPIO_Speed=GPIO_SPEED_LOW
PC12.Locked=true
PC12.Signal=GPIO_Output
PCC.Checker=false
PCC.Family=STM32F1
PCC.MCU=STM32F107R(B-C)Tx
PCC.MXVersion=4.8.0
PCC.PartNumber=STM32F107RCTx
PCC.Seq0=0
PCC.SubFamily=STM32F105/107
PCC.Temperature=25
PCC.Vdd=3.3
PD0-OSC_IN.Mode=HSE-External-Oscillator
PD0-OSC_IN.Signal=RCC_OSC_IN
PD1-OSC_OUT.Mode=HSE-External-Oscillator
PD1-OSC_OUT.Signal=RCC_OSC_OUT
PD2.GPIOParameters=GPIO_Speed,GPIO_Label,GPIO_ModeDefaultOutputPP
PD2.GPIO_Label=WIFI_MODE
PD2.GPIO_ModeDefaultOutputPP=GPIO_MODE_OUTPUT_PP
PD2.GPIO_Speed=GPIO_SPEED_LOW
PD2.Locked=true
PD2.Signal=GPIO_Output
ProjectManager.AskForMigrate=true
ProjectManager.BackupPrevious=false
ProjectManager.CompilerOptimize=2
ProjectManager.ComputerToolchain=false
ProjectManager.CoupleFile=true
ProjectManager.DeletePrevious=true
ProjectManager.DeviceId=STM32F107RCTx
ProjectManager.FirmwarePackage=STM32Cube FW_F1 V1.0.0
ProjectManager.FreePins=false
ProjectManager.HalAssertFull=false
ProjectManager.KeepUserCode=true
ProjectManager.LastFirmware=true
ProjectManager.LibraryCopy=0
ProjectManager.ProjectBuild=false
ProjectManager.ProjectFileName=test3_usb_cdc.ioc
ProjectManager.ProjectName=test3_usb_cdc
ProjectManager.TargetToolchain=EWARM
ProjectManager.ToolChainLocation=
RCC.ADCFreqValue=36000000
RCC.AHBFreq_Value=72000000
RCC.APB1CLKDivider=RCC_HCLK_DIV2
RCC.APB1Freq_Value=36000000
RCC.APB1TimFreq_Value=72000000
RCC.APB2Freq_Value=72000000
RCC.APB2TimFreq_Value=72000000
RCC.FCLKCortexFreq_Value=72000000
RCC.FamilyName=M
RCC.HCLKFreq_Value=72000000
RCC.HSEDivPLL=RCC_HSE_PREDIV_DIV5
RCC.HSE_VALUE=25000000
RCC.HSIState=RCC_HSI_ON
RCC.I2S2Freq_Value=72000000
RCC.I2S3Freq_Value=72000000
RCC.IPParameters=HSIState,PLLMUL,VCOOutput2Freq_Value,PLL3CLKoutputFreqValue,FamilyName,APB1TimFreq_Value,PLL2VCOoutputFreqValue,APB2Freq_Value,APB1CLKDivider,HSEDivPLL,HCLKFreq_Value,FCLKCortexFreq_Value,USBFreq_Value,I2S2Freq_Value,AHBFreq_Value,ADCFreqValue,TimSysFreq_Value,Prediv2FreqValue,SYSCLKFreq_VALUE,SYSCLKSource,Prediv1Source,MCOFreq_Value,PLL3VCOoutputFreqValue,APB1Freq_Value,HSE_VALUE,PLL2CLKoutputFreqValue,PLLCLKFreq_Value,I2S3Freq_Value,APB2TimFreq_Value,Prediv2
RCC.MCOFreq_Value=72000000
RCC.PLL2CLKoutputFreqValue=40000000
RCC.PLL2VCOoutputFreqValue=80000000
RCC.PLL3CLKoutputFreqValue=40000000
RCC.PLL3VCOoutputFreqValue=80000000
RCC.PLLCLKFreq_Value=72000000
RCC.PLLMUL=RCC_PLL_MUL9
RCC.Prediv1Source=RCC_PREDIV1_SOURCE_PLL2
RCC.Prediv2=RCC_HSE_PREDIV2_DIV5
RCC.Prediv2FreqValue=5000000
RCC.SYSCLKFreq_VALUE=72000000
RCC.SYSCLKSource=RCC_SYSCLKSOURCE_PLLCLK
RCC.TimSysFreq_Value=72000000
RCC.USBFreq_Value=48000000
RCC.VCOOutput2Freq_Value=8000000
USB_DEVICE.IPParameters=VirtualModeFS,USBD_HandleTypeDef,VirtualMode
USB_DEVICE.USBD_HandleTypeDef=hUsbDeviceFS
USB_DEVICE.VirtualMode=Cdc
USB_DEVICE.VirtualModeFS=Cdc_FS
USB_OTG_FS.IPParameters=VirtualMode,vbus_sensing_enable
USB_OTG_FS.VirtualMode=Device_Only
USB_OTG_FS.vbus_sensing_enable=DISABLE
VP_USB_DEVICE_VS_USB_DEVICE_CDC_FS.Mode=CDC_FS
VP_USB_DEVICE_VS_USB_DEVICE_CDC_FS.Signal=USB_DEVICE_VS_USB_DEVICE_CDC_FS
board=
